
Microsoft Visual Studio Solution File, Format Version 12.00
Project("{FAE04EC0-301F-11D3-BF4B-00C04F79EFBC}") = "Topic2", "Topic2\Topic2.csproj", "{4BFF9193-E59F-4054-A02D-0A7EEE8FF71E}"
EndProject
Global
	GlobalSection(SolutionConfigurationPlatforms) = preSolution
		Debug|Any CPU = Debug|Any CPU
		Release|Any CPU = Release|Any CPU
	EndGlobalSection
	GlobalSection(ProjectConfigurationPlatforms) = postSolution
		{4BFF9193-E59F-4054-A02D-0A7EEE8FF71E}.Debug|Any CPU.ActiveCfg = Debug|Any CPU
		{4BFF9193-E59F-4054-A02D-0A7EEE8FF71E}.Debug|Any CPU.Build.0 = Debug|Any CPU
		{4BFF9193-E59F-4054-A02D-0A7EEE8FF71E}.Release|Any CPU.ActiveCfg = Release|Any CPU
		{4BFF9193-E59F-4054-A02D-0A7EEE8FF71E}.Release|Any CPU.Build.0 = Release|Any CPU
	EndGlobalSection
EndGlobal
